
Microsoft Visual Studio Solution File, Format Version 12.00
# Visual Studio Version 16
VisualStudioVersion = 16.0.30002.166
MinimumVisualStudioVersion = 10.0.40219.1
Project("{9A19103F-16F7-4668-BE54-9A1E7A4F7556}") = "BaseEntities", "BaseEntities\BaseEntities.csproj", "{F7B796B1-8D1C-4B36-944B-6B6C972B524D}"
EndProject
Project("{9A19103F-16F7-4668-BE54-9A1E7A4F7556}") = "RepositoryAbstraction", "RepositoryAbstraction\RepositoryAbstraction.csproj", "{9EAC5A19-E59B-4D2F-B302-3D6F68816A74}"
EndProject
Project("{FAE04EC0-301F-11D3-BF4B-00C04F79EFBC}") = "RepositoryEF", "RepositoryEF\RepositoryEF.csproj", "{D2EF4865-5EAC-4766-9664-A897ADE3ECB3}"
EndProject
Project("{FAE04EC0-301F-11D3-BF4B-00C04F79EFBC}") = "RepositoryEF.UnitTests", "RepositoryEF.UnitTests\RepositoryEF.UnitTests.csproj", "{A71372C4-1B04-45CE-AFBA-DAABCA5E093C}"
EndProject
Project("{FAE04EC0-301F-11D3-BF4B-00C04F79EFBC}") = "RepositoryEFCore", "RepositoryEFCore\RepositoryEFCore.csproj", "{7C73D833-2BB4-40FC-B2AB-28A9C1EAA3D4}"
EndProject
Global
	GlobalSection(SolutionConfigurationPlatforms) = preSolution
		Debug|Any CPU = Debug|Any CPU
		Release|Any CPU = Release|Any CPU
	EndGlobalSection
	GlobalSection(ProjectConfigurationPlatforms) = postSolution
		{F7B796B1-8D1C-4B36-944B-6B6C972B524D}.Debug|Any CPU.ActiveCfg = Debug|Any CPU
		{F7B796B1-8D1C-4B36-944B-6B6C972B524D}.Debug|Any CPU.Build.0 = Debug|Any CPU
		{F7B796B1-8D1C-4B36-944B-6B6C972B524D}.Release|Any CPU.ActiveCfg = Release|Any CPU
		{F7B796B1-8D1C-4B36-944B-6B6C972B524D}.Release|Any CPU.Build.0 = Release|Any CPU
		{9EAC5A19-E59B-4D2F-B302-3D6F68816A74}.Debug|Any CPU.ActiveCfg = Debug|Any CPU
		{9EAC5A19-E59B-4D2F-B302-3D6F68816A74}.Debug|Any CPU.Build.0 = Debug|Any CPU
		{9EAC5A19-E59B-4D2F-B302-3D6F68816A74}.Release|Any CPU.ActiveCfg = Release|Any CPU
		{9EAC5A19-E59B-4D2F-B302-3D6F68816A74}.Release|Any CPU.Build.0 = Release|Any CPU
		{D2EF4865-5EAC-4766-9664-A897ADE3ECB3}.Debug|Any CPU.ActiveCfg = Debug|Any CPU
		{D2EF4865-5EAC-4766-9664-A897ADE3ECB3}.Debug|Any CPU.Build.0 = Debug|Any CPU
		{D2EF4865-5EAC-4766-9664-A897ADE3ECB3}.Release|Any CPU.ActiveCfg = Release|Any CPU
		{D2EF4865-5EAC-4766-9664-A897ADE3ECB3}.Release|Any CPU.Build.0 = Release|Any CPU
		{A71372C4-1B04-45CE-AFBA-DAABCA5E093C}.Debug|Any CPU.ActiveCfg = Debug|Any CPU
		{A71372C4-1B04-45CE-AFBA-DAABCA5E093C}.Debug|Any CPU.Build.0 = Debug|Any CPU
		{A71372C4-1B04-45CE-AFBA-DAABCA5E093C}.Release|Any CPU.ActiveCfg = Release|Any CPU
		{A71372C4-1B04-45CE-AFBA-DAABCA5E093C}.Release|Any CPU.Build.0 = Release|Any CPU
		{7C73D833-2BB4-40FC-B2AB-28A9C1EAA3D4}.Debug|Any CPU.ActiveCfg = Debug|Any CPU
		{7C73D833-2BB4-40FC-B2AB-28A9C1EAA3D4}.Debug|Any CPU.Build.0 = Debug|Any CPU
		{7C73D833-2BB4-40FC-B2AB-28A9C1EAA3D4}.Release|Any CPU.ActiveCfg = Release|Any CPU
		{7C73D833-2BB4-40FC-B2AB-28A9C1EAA3D4}.Release|Any CPU.Build.0 = Release|Any CPU
	EndGlobalSection
	GlobalSection(SolutionProperties) = preSolution
		HideSolutionNode = FALSE
	EndGlobalSection
	GlobalSection(ExtensibilityGlobals) = postSolution
		SolutionGuid = {55AD31EA-912D-414A-8192-78746988BA9A}
	EndGlobalSection
EndGlobal
